
Microsoft Visual Studio Solution File, Format Version 12.00
# Visual Studio Version 16
VisualStudioVersion = 16.0.29418.71
MinimumVisualStudioVersion = 10.0.40219.1
Project("{8BC9CEB8-8B4A-11D0-8D11-00A0C91BC942}") = "HPCSimulator", "HPCSimulator\HPCSimulator.vcxproj", "{08BFE190-DF42-4E3E-BD88-4158B464E6B2}"
EndProject
Project("{8BC9CEB8-8B4A-11D0-8D11-00A0C91BC942}") = "TestPlan", "TestPlan\TestPlan.vcxproj", "{2DFFA3EC-C019-43A7-BE6D-B3ABD49E131C}"
EndProject
Global
	GlobalSection(SolutionConfigurationPlatforms) = preSolution
		Debug|x64 = Debug|x64
		Debug|x86 = Debug|x86
		Release|x64 = Release|x64
		Release|x86 = Release|x86
	EndGlobalSection
	GlobalSection(ProjectConfigurationPlatforms) = postSolution
		{08BFE190-DF42-4E3E-BD88-4158B464E6B2}.Debug|x64.ActiveCfg = Debug|x64
		{08BFE190-DF42-4E3E-BD88-4158B464E6B2}.Debug|x64.Build.0 = Debug|x64
		{08BFE190-DF42-4E3E-BD88-4158B464E6B2}.Debug|x86.ActiveCfg = Debug|Win32
		{08BFE190-DF42-4E3E-BD88-4158B464E6B2}.Debug|x86.Build.0 = Debug|Win32
		{08BFE190-DF42-4E3E-BD88-4158B464E6B2}.Release|x64.ActiveCfg = Release|x64
		{08BFE190-DF42-4E3E-BD88-4158B464E6B2}.Release|x64.Build.0 = Release|x64
		{08BFE190-DF42-4E3E-BD88-4158B464E6B2}.Release|x86.ActiveCfg = Release|Win32
		{08BFE190-DF42-4E3E-BD88-4158B464E6B2}.Release|x86.Build.0 = Release|Win32
		{2DFFA3EC-C019-43A7-BE6D-B3ABD49E131C}.Debug|x64.ActiveCfg = Debug|x64
		{2DFFA3EC-C019-43A7-BE6D-B3ABD49E131C}.Debug|x64.Build.0 = Debug|x64
		{2DFFA3EC-C019-43A7-BE6D-B3ABD49E131C}.Debug|x86.ActiveCfg = Debug|Win32
		{2DFFA3EC-C019-43A7-BE6D-B3ABD49E131C}.Debug|x86.Build.0 = Debug|Win32
		{2DFFA3EC-C019-43A7-BE6D-B3ABD49E131C}.Release|x64.ActiveCfg = Release|x64
		{2DFFA3EC-C019-43A7-BE6D-B3ABD49E131C}.Release|x64.Build.0 = Release|x64
		{2DFFA3EC-C019-43A7-BE6D-B3ABD49E131C}.Release|x86.ActiveCfg = Release|Win32
		{2DFFA3EC-C019-43A7-BE6D-B3ABD49E131C}.Release|x86.Build.0 = Release|Win32
	EndGlobalSection
	GlobalSection(SolutionProperties) = preSolution
		HideSolutionNode = FALSE
	EndGlobalSection
	GlobalSection(ExtensibilityGlobals) = postSolution
		SolutionGuid = {9AE0D82C-EA23-442D-A016-A34503CE672C}
	EndGlobalSection
EndGlobal
